
Microsoft Visual Studio Solution File, Format Version 12.00
# Visual Studio Version 16
VisualStudioVersion = 16.0.29806.167
MinimumVisualStudioVersion = 10.0.40219.1
Project("{FAE04EC0-301F-11D3-BF4B-00C04F79EFBC}") = "main", "devapps\main.csproj", "{546491FF-6F77-41A1-A19D-36F5B244DC76}"
EndProject
Global
	GlobalSection(SolutionConfigurationPlatforms) = preSolution
		Debug|Any CPU = Debug|Any CPU
		Release|Any CPU = Release|Any CPU
	EndGlobalSection
	GlobalSection(ProjectConfigurationPlatforms) = postSolution
		{546491FF-6F77-41A1-A19D-36F5B244DC76}.Debug|Any CPU.ActiveCfg = Debug|Any CPU
		{546491FF-6F77-41A1-A19D-36F5B244DC76}.Debug|Any CPU.Build.0 = Debug|Any CPU
		{546491FF-6F77-41A1-A19D-36F5B244DC76}.Release|Any CPU.ActiveCfg = Release|Any CPU
		{546491FF-6F77-41A1-A19D-36F5B244DC76}.Release|Any CPU.Build.0 = Release|Any CPU
	EndGlobalSection
	GlobalSection(SolutionProperties) = preSolution
		HideSolutionNode = FALSE
	EndGlobalSection
	GlobalSection(ExtensibilityGlobals) = postSolution
		SolutionGuid = {AAE99104-ECDE-4D83-B383-C632C93E5FE5}
	EndGlobalSection
EndGlobal
